PODS:
  - ASIHTTPRequest (1.8.1):
    - ASIHTTPRequest/ASIWebPageRequest (= 1.8.1)
    - ASIHTTPRequest/CloudFiles (= 1.8.1)
    - ASIHTTPRequest/S3 (= 1.8.1)
    - Reachability
  - ASIHTTPRequest/ASIWebPageRequest (1.8.1):
    - Reachability
  - ASIHTTPRequest/CloudFiles (1.8.1):
    - Reachability
  - ASIHTTPRequest/S3 (1.8.1):
    - Reachability
  - CocoaAsyncSocket (0.0.1)
  - CocoaHTTPServer (2.2.1):
    - CocoaAsyncSocket (~> 0.0.1)
    - CocoaLumberjack (~> 1.3.0)
  - CocoaLumberjack (1.3.3)
  - JSONKit (1.5pre)
  - Kiwi (1.1.0)
  - Reachability (3.0.0)

DEPENDENCIES:
  - ASIHTTPRequest (~> 1.8.1)
  - CocoaHTTPServer (~> 2.2.1)
  - JSONKit (~> 1.4)
  - Kiwi (~> 1.1.0)
  - Reachability (~> 3.0.0)
