<?xml version="1.0" encoding="UTF-8"?>
<!DOCTYPE plist PUBLIC "-//Apple//DTD PLIST 1.0//EN" "http://www.apple.com/DTDs/PropertyList-1.0.dtd">
<plist version="1.0">
<dict>
	<key>archiveVersion</key>
	<string>1</string>
	<key>classes</key>
	<dict/>
	<key>objectVersion</key>
	<string>46</string>
	<key>objects</key>
	<dict>
		<key>0FA3E7FD1680775B001DB582</key>
		<dict>
			<key>fileEncoding</key>
			<string>4</string>
			<key>isa</key>
			<string>PBXFileReference</string>
			<key>lastKnownFileType</key>
			<string>sourcecode.c.objc</string>
			<key>path</key>
			<string>LSStubResponseSpec.m</string>
			<key>sourceTree</key>
			<string>&lt;group&gt;</string>
		</dict>
		<key>0FA3E7FE1680775B001DB582</key>
		<dict>
			<key>fileRef</key>
			<string>0FA3E7FD1680775B001DB582</string>
			<key>isa</key>
			<string>PBXBuildFile</string>
		</dict>
		<key>3CB9A3DF4AB94FEA9A99A67B</key>
		<dict>
			<key>includeInIndex</key>
			<string>1</string>
			<key>isa</key>
			<string>PBXFileReference</string>
			<key>lastKnownFileType</key>
			<string>text.xcconfig</string>
			<key>name</key>
			<string>Pods-NocillaTests.xcconfig</string>
			<key>path</key>
			<string>Pods/Pods-NocillaTests.xcconfig</string>
			<key>sourceTree</key>
			<string>SOURCE_ROOT</string>
		</dict>
		<key>48452581F6A54CD186A95980</key>
		<dict>
			<key>fileRef</key>
			<string>CADACB517CAB41DD8263C667</string>
			<key>isa</key>
			<string>PBXBuildFile</string>
		</dict>
		<key>73C60D1D181AEA2700EEAEC2</key>
		<dict>
			<key>fileEncoding</key>
			<string>4</string>
			<key>isa</key>
			<string>PBXFileReference</string>
			<key>lastKnownFileType</key>
			<string>sourcecode.c.objc</string>
			<key>name</key>
			<string>LSStubResponseDSLSpec.m</string>
			<key>path</key>
			<string>DSL/LSStubResponseDSLSpec.m</string>
			<key>sourceTree</key>
			<string>&lt;group&gt;</string>
		</dict>
		<key>73C60D1E181AEA2700EEAEC2</key>
		<dict>
			<key>fileRef</key>
			<string>73C60D1D181AEA2700EEAEC2</string>
			<key>isa</key>
			<string>PBXBuildFile</string>
		</dict>
		<key>9D4C7BC8F2DF4EA496967380</key>
		<dict>
			<key>buildActionMask</key>
			<string>2147483647</string>
			<key>files</key>
			<array/>
			<key>inputPaths</key>
			<array/>
			<key>isa</key>
			<string>PBXShellScriptBuildPhase</string>
			<key>name</key>
			<string>Check Pods Manifest.lock</string>
			<key>outputPaths</key>
			<array/>
			<key>runOnlyForDeploymentPostprocessing</key>
			<string>0</string>
			<key>shellPath</key>
			<string>/bin/sh</string>
			<key>shellScript</key>
			<string>diff "${PODS_ROOT}/../Podfile.lock" "${PODS_ROOT}/Manifest.lock" &gt; /dev/null
if [[ $? != 0 ]] ; then
    cat &lt;&lt; EOM
error: The sandbox is not in sync with the Podfile.lock. Run 'pod install' or update your CocoaPods installation.
EOM
    exit 1
fi
</string>
			<key>showEnvVarsInLog</key>
			<string>0</string>
		</dict>
		<key>A0055EE415EEAE08005D6C85</key>
		<dict>
			<key>fileRef</key>
			<string>A0708DBC15E70D9800352085</string>
			<key>isa</key>
			<string>PBXBuildFile</string>
		</dict>
		<key>A0055EE515EEAF73005D6C85</key>
		<dict>
			<key>children</key>
			<array>
				<string>A0055EE615EEAF8C005D6C85</string>
				<string>A0055EE715EEAF8C005D6C85</string>
			</array>
			<key>isa</key>
			<string>PBXGroup</string>
			<key>name</key>
			<string>Support</string>
			<key>sourceTree</key>
			<string>&lt;group&gt;</string>
		</dict>
		<key>A0055EE615EEAF8C005D6C85</key>
		<dict>
			<key>fileEncoding</key>
			<string>4</string>
			<key>isa</key>
			<string>PBXFileReference</string>
			<key>lastKnownFileType</key>
			<string>sourcecode.c.h</string>
			<key>name</key>
			<string>LSTestingConnection.h</string>
			<key>path</key>
			<string>Support/LSTestingConnection.h</string>
			<key>sourceTree</key>
			<string>&lt;group&gt;</string>
		</dict>
		<key>A0055EE715EEAF8C005D6C85</key>
		<dict>
			<key>fileEncoding</key>
			<string>4</string>
			<key>isa</key>
			<string>PBXFileReference</string>
			<key>lastKnownFileType</key>
			<string>sourcecode.c.objc</string>
			<key>name</key>
			<string>LSTestingConnection.m</string>
			<key>path</key>
			<string>Support/LSTestingConnection.m</string>
			<key>sourceTree</key>
			<string>&lt;group&gt;</string>
		</dict>
		<key>A0055EE815EEAF8C005D6C85</key>
		<dict>
			<key>fileRef</key>
			<string>A0055EE715EEAF8C005D6C85</string>
			<key>isa</key>
			<string>PBXBuildFile</string>
		</dict>
		<key>A0055F0115EFFA8B005D6C85</key>
		<dict>
			<key>fileEncoding</key>
			<string>4</string>
			<key>isa</key>
			<string>PBXFileReference</string>
			<key>lastKnownFileType</key>
			<string>sourcecode.c.objc</string>
			<key>name</key>
			<string>NSURLRequestHookSpec.m</string>
			<key>path</key>
			<string>Hooks/NSURLRequest/NSURLRequestHookSpec.m</string>
			<key>sourceTree</key>
			<string>&lt;group&gt;</string>
		</dict>
		<key>A01CEBDC175FFE0300637CE7</key>
		<dict>
			<key>children</key>
			<array>
				<string>A01CEBDD175FFE3200637CE7</string>
			</array>
			<key>isa</key>
			<string>PBXGroup</string>
			<key>name</key>
			<string>ASIHTTPRequest</string>
			<key>sourceTree</key>
			<string>&lt;group&gt;</string>
		</dict>
		<key>A01CEBDD175FFE3200637CE7</key>
		<dict>
			<key>fileEncoding</key>
			<string>4</string>
			<key>isa</key>
			<string>PBXFileReference</string>
			<key>lastKnownFileType</key>
			<string>sourcecode.c.objc</string>
			<key>name</key>
			<string>ASIHTTPRequestStubbingSpec.m</string>
			<key>path</key>
			<string>Hooks/ASIHTTPRequest/ASIHTTPRequestStubbingSpec.m</string>
			<key>sourceTree</key>
			<string>&lt;group&gt;</string>
		</dict>
		<key>A01CEBDE175FFE3200637CE7</key>
		<dict>
			<key>fileRef</key>
			<string>A01CEBDD175FFE3200637CE7</string>
			<key>isa</key>
			<string>PBXBuildFile</string>
		</dict>
		<key>A01CEBDF1760009300637CE7</key>
		<dict>
			<key>children</key>
			<array>
				<string>A01CEBE0176000CB00637CE7</string>
				<string>A01CEBE1176000CB00637CE7</string>
				<string>A01CEBE8176006CB00637CE7</string>
				<string>A01CEBE9176006CB00637CE7</string>
				<string>A01CEBEE1760145C00637CE7</string>
				<string>A01CEBEF1760145C00637CE7</string>
			</array>
			<key>isa</key>
			<string>PBXGroup</string>
			<key>name</key>
			<string>ASIHTTPRequest</string>
			<key>sourceTree</key>
			<string>&lt;group&gt;</string>
		</dict>
		<key>A01CEBE0176000CB00637CE7</key>
		<dict>
			<key>fileEncoding</key>
			<string>4</string>
			<key>isa</key>
			<string>PBXFileReference</string>
			<key>lastKnownFileType</key>
			<string>sourcecode.c.h</string>
			<key>name</key>
			<string>LSASIHTTPRequestHook.h</string>
			<key>path</key>
			<string>Hooks/ASIHTTPRequest/LSASIHTTPRequestHook.h</string>
			<key>sourceTree</key>
			<string>&lt;group&gt;</string>
		</dict>
		<key>A01CEBE1176000CB00637CE7</key>
		<dict>
			<key>fileEncoding</key>
			<string>4</string>
			<key>isa</key>
			<string>PBXFileReference</string>
			<key>lastKnownFileType</key>
			<string>sourcecode.c.objc</string>
			<key>name</key>
			<string>LSASIHTTPRequestHook.m</string>
			<key>path</key>
			<string>Hooks/ASIHTTPRequest/LSASIHTTPRequestHook.m</string>
			<key>sourceTree</key>
			<string>&lt;group&gt;</string>
		</dict>
		<key>A01CEBE2176000CB00637CE7</key>
		<dict>
			<key>fileRef</key>
			<string>A01CEBE0176000CB00637CE7</string>
			<key>isa</key>
			<string>PBXBuildFile</string>
			<key>settings</key>
			<dict>
				<key>ATTRIBUTES</key>
				<array>
					<string>Public</string>
				</array>
			</dict>
		</dict>
		<key>A01CEBE3176000CB00637CE7</key>
		<dict>
			<key>fileRef</key>
			<string>A01CEBE1176000CB00637CE7</string>
			<key>isa</key>
			<string>PBXBuildFile</string>
		</dict>
		<key>A01CEBE8176006CB00637CE7</key>
		<dict>
			<key>fileEncoding</key>
			<string>4</string>
			<key>isa</key>
			<string>PBXFileReference</string>
			<key>lastKnownFileType</key>
			<string>sourcecode.c.h</string>
			<key>name</key>
			<string>ASIHTTPRequestStub.h</string>
			<key>path</key>
			<string>Hooks/ASIHTTPRequest/ASIHTTPRequestStub.h</string>
			<key>sourceTree</key>
			<string>&lt;group&gt;</string>
		</dict>
		<key>A01CEBE9176006CB00637CE7</key>
		<dict>
			<key>fileEncoding</key>
			<string>4</string>
			<key>isa</key>
			<string>PBXFileReference</string>
			<key>lastKnownFileType</key>
			<string>sourcecode.c.objc</string>
			<key>name</key>
			<string>ASIHTTPRequestStub.m</string>
			<key>path</key>
			<string>Hooks/ASIHTTPRequest/ASIHTTPRequestStub.m</string>
			<key>sourceTree</key>
			<string>&lt;group&gt;</string>
		</dict>
		<key>A01CEBEA176006CB00637CE7</key>
		<dict>
			<key>fileRef</key>
			<string>A01CEBE8176006CB00637CE7</string>
			<key>isa</key>
			<string>PBXBuildFile</string>
		</dict>
		<key>A01CEBEB176006CB00637CE7</key>
		<dict>
			<key>fileRef</key>
			<string>A01CEBE9176006CB00637CE7</string>
			<key>isa</key>
			<string>PBXBuildFile</string>
		</dict>
		<key>A01CEBEC1760081F00637CE7</key>
		<dict>
			<key>fileEncoding</key>
			<string>4</string>
			<key>isa</key>
			<string>PBXFileReference</string>
			<key>lastKnownFileType</key>
			<string>sourcecode.c.objc</string>
			<key>path</key>
			<string>LSNocillaSpec.m</string>
			<key>sourceTree</key>
			<string>&lt;group&gt;</string>
		</dict>
		<key>A01CEBED1760081F00637CE7</key>
		<dict>
			<key>fileRef</key>
			<string>A01CEBEC1760081F00637CE7</string>
			<key>isa</key>
			<string>PBXBuildFile</string>
		</dict>
		<key>A01CEBEE1760145C00637CE7</key>
		<dict>
			<key>fileEncoding</key>
			<string>4</string>
			<key>isa</key>
			<string>PBXFileReference</string>
			<key>lastKnownFileType</key>
			<string>sourcecode.c.h</string>
			<key>name</key>
			<string>LSASIHTTPRequestAdapter.h</string>
			<key>path</key>
			<string>Hooks/ASIHTTPRequest/LSASIHTTPRequestAdapter.h</string>
			<key>sourceTree</key>
			<string>&lt;group&gt;</string>
		</dict>
		<key>A01CEBEF1760145C00637CE7</key>
		<dict>
			<key>fileEncoding</key>
			<string>4</string>
			<key>isa</key>
			<string>PBXFileReference</string>
			<key>lastKnownFileType</key>
			<string>sourcecode.c.objc</string>
			<key>name</key>
			<string>LSASIHTTPRequestAdapter.m</string>
			<key>path</key>
			<string>Hooks/ASIHTTPRequest/LSASIHTTPRequestAdapter.m</string>
			<key>sourceTree</key>
			<string>&lt;group&gt;</string>
		</dict>
		<key>A01CEBF01760145C00637CE7</key>
		<dict>
			<key>fileRef</key>
			<string>A01CEBEE1760145C00637CE7</string>
			<key>isa</key>
			<string>PBXBuildFile</string>
		</dict>
		<key>A01CEBF11760145C00637CE7</key>
		<dict>
			<key>fileRef</key>
			<string>A01CEBEF1760145C00637CE7</string>
			<key>isa</key>
			<string>PBXBuildFile</string>
		</dict>
		<key>A02889221728BEFD00288022</key>
		<dict>
			<key>fileEncoding</key>
			<string>4</string>
			<key>isa</key>
			<string>PBXFileReference</string>
			<key>lastKnownFileType</key>
			<string>sourcecode.c.h</string>
			<key>path</key>
			<string>LSTestRequest.h</string>
			<key>sourceTree</key>
			<string>&lt;group&gt;</string>
		</dict>
		<key>A02889231728BEFD00288022</key>
		<dict>
			<key>fileEncoding</key>
			<string>4</string>
			<key>isa</key>
			<string>PBXFileReference</string>
			<key>lastKnownFileType</key>
			<string>sourcecode.c.objc</string>
			<key>path</key>
			<string>LSTestRequest.m</string>
			<key>sourceTree</key>
			<string>&lt;group&gt;</string>
		</dict>
		<key>A02889241728BEFD00288022</key>
		<dict>
			<key>fileRef</key>
			<string>A02889231728BEFD00288022</string>
			<key>isa</key>
			<string>PBXBuildFile</string>
		</dict>
		<key>A02889251728C36B00288022</key>
		<dict>
			<key>isa</key>
			<string>PBXFileReference</string>
			<key>lastKnownFileType</key>
			<string>sourcecode.c.h</string>
			<key>name</key>
			<string>LSMatcheable.h</string>
			<key>path</key>
			<string>Matchers/LSMatcheable.h</string>
			<key>sourceTree</key>
			<string>&lt;group&gt;</string>
		</dict>
		<key>A028892B1728C3FF00288022</key>
		<dict>
			<key>fileEncoding</key>
			<string>4</string>
			<key>isa</key>
			<string>PBXFileReference</string>
			<key>lastKnownFileType</key>
			<string>sourcecode.c.h</string>
			<key>name</key>
			<string>NSString+Matcheable.h</string>
			<key>path</key>
			<string>Matchers/NSString+Matcheable.h</string>
			<key>sourceTree</key>
			<string>&lt;group&gt;</string>
		</dict>
		<key>A028892C1728C3FF00288022</key>
		<dict>
			<key>fileEncoding</key>
			<string>4</string>
			<key>isa</key>
			<string>PBXFileReference</string>
			<key>lastKnownFileType</key>
			<string>sourcecode.c.objc</string>
			<key>name</key>
			<string>NSString+Matcheable.m</string>
			<key>path</key>
			<string>Matchers/NSString+Matcheable.m</string>
			<key>sourceTree</key>
			<string>&lt;group&gt;</string>
		</dict>
		<key>A028892D1728C3FF00288022</key>
		<dict>
			<key>fileRef</key>
			<string>A028892B1728C3FF00288022</string>
			<key>isa</key>
			<string>PBXBuildFile</string>
			<key>settings</key>
			<dict>
				<key>ATTRIBUTES</key>
				<array>
					<string>Public</string>
				</array>
			</dict>
		</dict>
		<key>A028892E1728C3FF00288022</key>
		<dict>
			<key>fileRef</key>
			<string>A028892C1728C3FF00288022</string>
			<key>isa</key>
			<string>PBXBuildFile</string>
		</dict>
		<key>A028892F1728C52000288022</key>
		<dict>
			<key>fileEncoding</key>
			<string>4</string>
			<key>isa</key>
			<string>PBXFileReference</string>
			<key>lastKnownFileType</key>
			<string>sourcecode.c.h</string>
			<key>name</key>
			<string>LSMatcher.h</string>
			<key>path</key>
			<string>Matchers/LSMatcher.h</string>
			<key>sourceTree</key>
			<string>&lt;group&gt;</string>
		</dict>
		<key>A02889301728C52100288022</key>
		<dict>
			<key>fileEncoding</key>
			<string>4</string>
			<key>isa</key>
			<string>PBXFileReference</string>
			<key>lastKnownFileType</key>
			<string>sourcecode.c.objc</string>
			<key>name</key>
			<string>LSMatcher.m</string>
			<key>path</key>
			<string>Matchers/LSMatcher.m</string>
			<key>sourceTree</key>
			<string>&lt;group&gt;</string>
		</dict>
		<key>A02889311728C52100288022</key>
		<dict>
			<key>fileRef</key>
			<string>A028892F1728C52000288022</string>
			<key>isa</key>
			<string>PBXBuildFile</string>
			<key>settings</key>
			<dict>
				<key>ATTRIBUTES</key>
				<array>
					<string>Public</string>
				</array>
			</dict>
		</dict>
		<key>A02889321728C52100288022</key>
		<dict>
			<key>fileRef</key>
			<string>A02889301728C52100288022</string>
			<key>isa</key>
			<string>PBXBuildFile</string>
		</dict>
		<key>A02889331728C88D00288022</key>
		<dict>
			<key>fileEncoding</key>
			<string>4</string>
			<key>isa</key>
			<string>PBXFileReference</string>
			<key>lastKnownFileType</key>
			<string>sourcecode.c.h</string>
			<key>name</key>
			<string>LSRegexMatcher.h</string>
			<key>path</key>
			<string>Matchers/LSRegexMatcher.h</string>
			<key>sourceTree</key>
			<string>&lt;group&gt;</string>
		</dict>
		<key>A02889341728C88D00288022</key>
		<dict>
			<key>fileEncoding</key>
			<string>4</string>
			<key>isa</key>
			<string>PBXFileReference</string>
			<key>lastKnownFileType</key>
			<string>sourcecode.c.objc</string>
			<key>name</key>
			<string>LSRegexMatcher.m</string>
			<key>path</key>
			<string>Matchers/LSRegexMatcher.m</string>
			<key>sourceTree</key>
			<string>&lt;group&gt;</string>
		</dict>
		<key>A02889351728C88E00288022</key>
		<dict>
			<key>fileRef</key>
			<string>A02889331728C88D00288022</string>
			<key>isa</key>
			<string>PBXBuildFile</string>
		</dict>
		<key>A02889361728C88E00288022</key>
		<dict>
			<key>fileRef</key>
			<string>A02889341728C88D00288022</string>
			<key>isa</key>
			<string>PBXBuildFile</string>
		</dict>
		<key>A02889371728C95600288022</key>
		<dict>
			<key>fileEncoding</key>
			<string>4</string>
			<key>isa</key>
			<string>PBXFileReference</string>
			<key>lastKnownFileType</key>
			<string>sourcecode.c.h</string>
			<key>name</key>
			<string>NSRegularExpression+Matcheable.h</string>
			<key>path</key>
			<string>Matchers/NSRegularExpression+Matcheable.h</string>
			<key>sourceTree</key>
			<string>&lt;group&gt;</string>
		</dict>
		<key>A02889381728C95600288022</key>
		<dict>
			<key>fileEncoding</key>
			<string>4</string>
			<key>isa</key>
			<string>PBXFileReference</string>
			<key>lastKnownFileType</key>
			<string>sourcecode.c.objc</string>
			<key>name</key>
			<string>NSRegularExpression+Matcheable.m</string>
			<key>path</key>
			<string>Matchers/NSRegularExpression+Matcheable.m</string>
			<key>sourceTree</key>
			<string>&lt;group&gt;</string>
		</dict>
		<key>A02889391728C95600288022</key>
		<dict>
			<key>fileRef</key>
			<string>A02889371728C95600288022</string>
			<key>isa</key>
			<string>PBXBuildFile</string>
			<key>settings</key>
			<dict>
				<key>ATTRIBUTES</key>
				<array>
					<string>Public</string>
				</array>
			</dict>
		</dict>
		<key>A028893A1728C95600288022</key>
		<dict>
			<key>fileRef</key>
			<string>A02889381728C95600288022</string>
			<key>isa</key>
			<string>PBXBuildFile</string>
		</dict>
		<key>A028893B1728CA4700288022</key>
		<dict>
			<key>children</key>
			<array>
				<string>A028893C1728CA5900288022</string>
				<string>A028893D1728CA5900288022</string>
				<string>A092C5AA177BBCC400B5C5F9</string>
				<string>A092C5AB177BBCC400B5C5F9</string>
			</array>
			<key>isa</key>
			<string>PBXGroup</string>
			<key>name</key>
			<string>Categories</string>
			<key>sourceTree</key>
			<string>&lt;group&gt;</string>
		</dict>
		<key>A028893C1728CA5900288022</key>
		<dict>
			<key>fileEncoding</key>
			<string>4</string>
			<key>isa</key>
			<string>PBXFileReference</string>
			<key>lastKnownFileType</key>
			<string>sourcecode.c.h</string>
			<key>name</key>
			<string>NSString+Nocilla.h</string>
			<key>path</key>
			<string>Categories/NSString+Nocilla.h</string>
			<key>sourceTree</key>
			<string>&lt;group&gt;</string>
		</dict>
		<key>A028893D1728CA5900288022</key>
		<dict>
			<key>fileEncoding</key>
			<string>4</string>
			<key>isa</key>
			<string>PBXFileReference</string>
			<key>lastKnownFileType</key>
			<string>sourcecode.c.objc</string>
			<key>name</key>
			<string>NSString+Nocilla.m</string>
			<key>path</key>
			<string>Categories/NSString+Nocilla.m</string>
			<key>sourceTree</key>
			<string>&lt;group&gt;</string>
		</dict>
		<key>A028893E1728CA5900288022</key>
		<dict>
			<key>fileRef</key>
			<string>A028893C1728CA5900288022</string>
			<key>isa</key>
			<string>PBXBuildFile</string>
			<key>settings</key>
			<dict>
				<key>ATTRIBUTES</key>
				<array>
					<string>Public</string>
				</array>
			</dict>
		</dict>
		<key>A028893F1728CA5900288022</key>
		<dict>
			<key>fileRef</key>
			<string>A028893D1728CA5900288022</string>
			<key>isa</key>
			<string>PBXBuildFile</string>
		</dict>
		<key>A02889421728CD6000288022</key>
		<dict>
			<key>fileEncoding</key>
			<string>4</string>
			<key>isa</key>
			<string>PBXFileReference</string>
			<key>lastKnownFileType</key>
			<string>sourcecode.c.objc</string>
			<key>name</key>
			<string>LSRegexMatcherSpec.m</string>
			<key>path</key>
			<string>Matchers/LSRegexMatcherSpec.m</string>
			<key>sourceTree</key>
			<string>&lt;group&gt;</string>
		</dict>
		<key>A02889431728CD6000288022</key>
		<dict>
			<key>fileRef</key>
			<string>A02889421728CD6000288022</string>
			<key>isa</key>
			<string>PBXBuildFile</string>
		</dict>
		<key>A02C7ACA15ECDD780061FCEE</key>
		<dict>
			<key>fileRef</key>
			<string>A0EE631715ECDAF300009A08</string>
			<key>isa</key>
			<string>PBXBuildFile</string>
		</dict>
		<key>A02C7ACF15ED70170061FCEE</key>
		<dict>
			<key>children</key>
			<array>
				<string>A02C7AF015ED795A0061FCEE</string>
				<string>A02C7AD015ED702B0061FCEE</string>
				<string>A02C7AD115ED702B0061FCEE</string>
				<string>A02C7AD815ED704F0061FCEE</string>
				<string>A02C7AD915ED704F0061FCEE</string>
				<string>A02C7AF615EE5CF80061FCEE</string>
				<string>A02C7AF715EE5CF80061FCEE</string>
			</array>
			<key>isa</key>
			<string>PBXGroup</string>
			<key>name</key>
			<string>DSL</string>
			<key>sourceTree</key>
			<string>&lt;group&gt;</string>
		</dict>
		<key>A02C7AD015ED702B0061FCEE</key>
		<dict>
			<key>fileEncoding</key>
			<string>4</string>
			<key>isa</key>
			<string>PBXFileReference</string>
			<key>lastKnownFileType</key>
			<string>sourcecode.c.h</string>
			<key>name</key>
			<string>LSStubRequestDSL.h</string>
			<key>path</key>
			<string>DSL/LSStubRequestDSL.h</string>
			<key>sourceTree</key>
			<string>&lt;group&gt;</string>
		</dict>
		<key>A02C7AD115ED702B0061FCEE</key>
		<dict>
			<key>fileEncoding</key>
			<string>4</string>
			<key>isa</key>
			<string>PBXFileReference</string>
			<key>lastKnownFileType</key>
			<string>sourcecode.c.objc</string>
			<key>name</key>
			<string>LSStubRequestDSL.m</string>
			<key>path</key>
			<string>DSL/LSStubRequestDSL.m</string>
			<key>sourceTree</key>
			<string>&lt;group&gt;</string>
		</dict>
		<key>A02C7AD215ED702B0061FCEE</key>
		<dict>
			<key>fileRef</key>
			<string>A02C7AD015ED702B0061FCEE</string>
			<key>isa</key>
			<string>PBXBuildFile</string>
		</dict>
		<key>A02C7AD315ED702B0061FCEE</key>
		<dict>
			<key>fileRef</key>
			<string>A02C7AD115ED702B0061FCEE</string>
			<key>isa</key>
			<string>PBXBuildFile</string>
		</dict>
		<key>A02C7AD815ED704F0061FCEE</key>
		<dict>
			<key>fileEncoding</key>
			<string>4</string>
			<key>isa</key>
			<string>PBXFileReference</string>
			<key>lastKnownFileType</key>
			<string>sourcecode.c.h</string>
			<key>name</key>
			<string>LSStubResponseDSL.h</string>
			<key>path</key>
			<string>DSL/LSStubResponseDSL.h</string>
			<key>sourceTree</key>
			<string>&lt;group&gt;</string>
		</dict>
		<key>A02C7AD915ED704F0061FCEE</key>
		<dict>
			<key>fileEncoding</key>
			<string>4</string>
			<key>isa</key>
			<string>PBXFileReference</string>
			<key>lastKnownFileType</key>
			<string>sourcecode.c.objc</string>
			<key>name</key>
			<string>LSStubResponseDSL.m</string>
			<key>path</key>
			<string>DSL/LSStubResponseDSL.m</string>
			<key>sourceTree</key>
			<string>&lt;group&gt;</string>
		</dict>
		<key>A02C7ADA15ED704F0061FCEE</key>
		<dict>
			<key>fileRef</key>
			<string>A02C7AD815ED704F0061FCEE</string>
			<key>isa</key>
			<string>PBXBuildFile</string>
		</dict>
		<key>A02C7ADB15ED704F0061FCEE</key>
		<dict>
			<key>fileRef</key>
			<string>A02C7AD915ED704F0061FCEE</string>
			<key>isa</key>
			<string>PBXBuildFile</string>
		</dict>
		<key>A02C7ADC15ED752A0061FCEE</key>
		<dict>
			<key>children</key>
			<array>
				<string>A02C7ADD15ED75480061FCEE</string>
				<string>73C60D1D181AEA2700EEAEC2</string>
			</array>
			<key>isa</key>
			<string>PBXGroup</string>
			<key>name</key>
			<string>DSL</string>
			<key>sourceTree</key>
			<string>&lt;group&gt;</string>
		</dict>
		<key>A02C7ADD15ED75480061FCEE</key>
		<dict>
			<key>fileEncoding</key>
			<string>4</string>
			<key>isa</key>
			<string>PBXFileReference</string>
			<key>lastKnownFileType</key>
			<string>sourcecode.c.objc</string>
			<key>name</key>
			<string>LSHTTPRequestDSLRepresentationSpec.m</string>
			<key>path</key>
			<string>DSL/LSHTTPRequestDSLRepresentationSpec.m</string>
			<key>sourceTree</key>
			<string>&lt;group&gt;</string>
		</dict>
		<key>A02C7ADE15ED75480061FCEE</key>
		<dict>
			<key>fileRef</key>
			<string>A02C7ADD15ED75480061FCEE</string>
			<key>isa</key>
			<string>PBXBuildFile</string>
		</dict>
		<key>A02C7AEC15ED79120061FCEE</key>
		<dict>
			<key>fileRef</key>
			<string>A0EE630915ECCCBD00009A08</string>
			<key>isa</key>
			<string>PBXBuildFile</string>
			<key>settings</key>
			<dict>
				<key>ATTRIBUTES</key>
				<array>
					<string>Public</string>
				</array>
			</dict>
		</dict>
		<key>A02C7AED15ED79170061FCEE</key>
		<dict>
			<key>fileRef</key>
			<string>A0EE630A15ECCD2F00009A08</string>
			<key>isa</key>
			<string>PBXBuildFile</string>
			<key>settings</key>
			<dict>
				<key>ATTRIBUTES</key>
				<array>
					<string>Public</string>
				</array>
			</dict>
		</dict>
		<key>A02C7AEE15ED791E0061FCEE</key>
		<dict>
			<key>fileRef</key>
			<string>A074ABAB15E30B0000730EE5</string>
			<key>isa</key>
			<string>PBXBuildFile</string>
			<key>settings</key>
			<dict>
				<key>ATTRIBUTES</key>
				<array>
					<string>Public</string>
				</array>
			</dict>
		</dict>
		<key>A02C7AEF15ED79230061FCEE</key>
		<dict>
			<key>fileRef</key>
			<string>A074ABAD15E30B0000730EE5</string>
			<key>isa</key>
			<string>PBXBuildFile</string>
			<key>settings</key>
			<dict>
				<key>ATTRIBUTES</key>
				<array>
					<string>Public</string>
				</array>
			</dict>
		</dict>
		<key>A02C7AF015ED795A0061FCEE</key>
		<dict>
			<key>fileEncoding</key>
			<string>4</string>
			<key>isa</key>
			<string>PBXFileReference</string>
			<key>lastKnownFileType</key>
			<string>sourcecode.c.h</string>
			<key>name</key>
			<string>DSL.h</string>
			<key>path</key>
			<string>DSL/DSL.h</string>
			<key>sourceTree</key>
			<string>&lt;group&gt;</string>
		</dict>
		<key>A02C7AF115ED795A0061FCEE</key>
		<dict>
			<key>fileRef</key>
			<string>A02C7AF015ED795A0061FCEE</string>
			<key>isa</key>
			<string>PBXBuildFile</string>
			<key>settings</key>
			<dict>
				<key>ATTRIBUTES</key>
				<array>
					<string>Public</string>
				</array>
			</dict>
		</dict>
		<key>A02C7AF615EE5CF80061FCEE</key>
		<dict>
			<key>fileEncoding</key>
			<string>4</string>
			<key>isa</key>
			<string>PBXFileReference</string>
			<key>lastKnownFileType</key>
			<string>sourcecode.c.h</string>
			<key>name</key>
			<string>LSHTTPRequestDSLRepresentation.h</string>
			<key>path</key>
			<string>DSL/LSHTTPRequestDSLRepresentation.h</string>
			<key>sourceTree</key>
			<string>&lt;group&gt;</string>
		</dict>
		<key>A02C7AF715EE5CF80061FCEE</key>
		<dict>
			<key>fileEncoding</key>
			<string>4</string>
			<key>isa</key>
			<string>PBXFileReference</string>
			<key>lastKnownFileType</key>
			<string>sourcecode.c.objc</string>
			<key>name</key>
			<string>LSHTTPRequestDSLRepresentation.m</string>
			<key>path</key>
			<string>DSL/LSHTTPRequestDSLRepresentation.m</string>
			<key>sourceTree</key>
			<string>&lt;group&gt;</string>
		</dict>
		<key>A02C7AF815EE5CF80061FCEE</key>
		<dict>
			<key>fileRef</key>
			<string>A02C7AF615EE5CF80061FCEE</string>
			<key>isa</key>
			<string>PBXBuildFile</string>
		</dict>
		<key>A02C7AF915EE5CF80061FCEE</key>
		<dict>
			<key>fileRef</key>
			<string>A02C7AF715EE5CF80061FCEE</string>
			<key>isa</key>
			<string>PBXBuildFile</string>
		</dict>
		<key>A02C7AFE15EE62650061FCEE</key>
		<dict>
			<key>fileRef</key>
			<string>A0EE631415ECD8B900009A08</string>
			<key>isa</key>
			<string>PBXBuildFile</string>
		</dict>
		<key>A02C7B0315EE63530061FCEE</key>
		<dict>
			<key>fileEncoding</key>
			<string>4</string>
			<key>isa</key>
			<string>PBXFileReference</string>
			<key>lastKnownFileType</key>
			<string>sourcecode.c.h</string>
			<key>name</key>
			<string>NSURLRequest+DSL.h</string>
			<key>path</key>
			<string>Hooks/NSURLRequest/NSURLRequest+DSL.h</string>
			<key>sourceTree</key>
			<string>&lt;group&gt;</string>
		</dict>
		<key>A02C7B0415EE63540061FCEE</key>
		<dict>
			<key>fileEncoding</key>
			<string>4</string>
			<key>isa</key>
			<string>PBXFileReference</string>
			<key>lastKnownFileType</key>
			<string>sourcecode.c.objc</string>
			<key>name</key>
			<string>NSURLRequest+DSL.m</string>
			<key>path</key>
			<string>Hooks/NSURLRequest/NSURLRequest+DSL.m</string>
			<key>sourceTree</key>
			<string>&lt;group&gt;</string>
		</dict>
		<key>A02C7B0515EE63540061FCEE</key>
		<dict>
			<key>fileRef</key>
			<string>A02C7B0315EE63530061FCEE</string>
			<key>isa</key>
			<string>PBXBuildFile</string>
		</dict>
		<key>A02C7B0615EE63540061FCEE</key>
		<dict>
			<key>fileRef</key>
			<string>A02C7B0415EE63540061FCEE</string>
			<key>isa</key>
			<string>PBXBuildFile</string>
		</dict>
		<key>A02C7B0815EE65020061FCEE</key>
		<dict>
			<key>children</key>
			<array>
				<string>A0EE630915ECCCBD00009A08</string>
				<string>A0EE630A15ECCD2F00009A08</string>
				<string>A092C5A9177BB0A000B5C5F9</string>
			</array>
			<key>isa</key>
			<string>PBXGroup</string>
			<key>name</key>
			<string>Model</string>
			<key>sourceTree</key>
			<string>&lt;group&gt;</string>
		</dict>
		<key>A02C7B0915EE655E0061FCEE</key>
		<dict>
			<key>children</key>
			<array>
				<string>A074ABAB15E30B0000730EE5</string>
				<string>A074ABAC15E30B0000730EE5</string>
				<string>A074ABAD15E30B0000730EE5</string>
				<string>A074ABAE15E30B0000730EE5</string>
			</array>
			<key>isa</key>
			<string>PBXGroup</string>
			<key>name</key>
			<string>Stubs</string>
			<key>sourceTree</key>
			<string>&lt;group&gt;</string>
		</dict>
		<key>A02C7B0A15EE658A0061FCEE</key>
		<dict>
			<key>children</key>
			<array>
				<string>A0EE630515EC217A00009A08</string>
				<string>A0EE630615EC217A00009A08</string>
			</array>
			<key>isa</key>
			<string>PBXGroup</string>
			<key>name</key>
			<string>Diff</string>
			<key>sourceTree</key>
			<string>&lt;group&gt;</string>
		</dict>
		<key>A02C7B0B15EE65E50061FCEE</key>
		<dict>
			<key>children</key>
			<array>
				<string>A01CEBDC175FFE0300637CE7</string>
				<string>A02C7B0C15EE65EB0061FCEE</string>
				<string>A04D23C3187E3BA800EF6CB2</string>
			</array>
			<key>isa</key>
			<string>PBXGroup</string>
			<key>name</key>
			<string>Hooks</string>
			<key>sourceTree</key>
			<string>&lt;group&gt;</string>
		</dict>
		<key>A02C7B0C15EE65EB0061FCEE</key>
		<dict>
			<key>children</key>
			<array>
				<string>A085B85915E30749007D33C1</string>
				<string>A0708DBC15E70D9800352085</string>
				<string>A0055F0115EFFA8B005D6C85</string>
				<string>A060B22415FE680900BEAD54</string>
				<string>AA0A44051758E27100D2F909</string>
			</array>
			<key>isa</key>
			<string>PBXGroup</string>
			<key>name</key>
			<string>NSURLRequest</string>
			<key>sourceTree</key>
			<string>&lt;group&gt;</string>
		</dict>
		<key>A02C7B0D15EE66250061FCEE</key>
		<dict>
			<key>children</key>
			<array>
				<string>A0EE631715ECDAF300009A08</string>
			</array>
			<key>isa</key>
			<string>PBXGroup</string>
			<key>name</key>
			<string>Diff</string>
			<key>sourceTree</key>
			<string>&lt;group&gt;</string>
		</dict>
		<key>A04D23C3187E3BA800EF6CB2</key>
		<dict>
			<key>children</key>
			<array>
				<string>A04D23C4187E3BF200EF6CB2</string>
			</array>
			<key>isa</key>
			<string>PBXGroup</string>
			<key>name</key>
			<string>NSURLSession</string>
			<key>sourceTree</key>
			<string>&lt;group&gt;</string>
		</dict>
		<key>A04D23C4187E3BF200EF6CB2</key>
		<dict>
			<key>fileEncoding</key>
			<string>4</string>
			<key>isa</key>
			<string>PBXFileReference</string>
			<key>lastKnownFileType</key>
			<string>sourcecode.c.objc</string>
			<key>name</key>
			<string>NSURLSessionStubbingSpec.m</string>
			<key>path</key>
			<string>Hooks/NSURLSession/NSURLSessionStubbingSpec.m</string>
			<key>sourceTree</key>
			<string>&lt;group&gt;</string>
		</dict>
		<key>A04D23C5187E3BF200EF6CB2</key>
		<dict>
			<key>fileRef</key>
			<string>A04D23C4187E3BF200EF6CB2</string>
			<key>isa</key>
			<string>PBXBuildFile</string>
		</dict>
		<key>A04D23C6187E4B9500EF6CB2</key>
		<dict>
			<key>children</key>
			<array>
				<string>A04D23C7187E4BC900EF6CB2</string>
				<string>A04D23C8187E4BC900EF6CB2</string>
			</array>
			<key>isa</key>
			<string>PBXGroup</string>
			<key>name</key>
			<string>NSURLSession</string>
			<key>sourceTree</key>
			<string>&lt;group&gt;</string>
		</dict>
		<key>A04D23C7187E4BC900EF6CB2</key>
		<dict>
			<key>fileEncoding</key>
			<string>4</string>
			<key>isa</key>
			<string>PBXFileReference</string>
			<key>lastKnownFileType</key>
			<string>sourcecode.c.h</string>
			<key>name</key>
			<string>LSNSURLSessionHook.h</string>
			<key>path</key>
			<string>Hooks/NSURLSession/LSNSURLSessionHook.h</string>
			<key>sourceTree</key>
			<string>&lt;group&gt;</string>
		</dict>
		<key>A04D23C8187E4BC900EF6CB2</key>
		<dict>
			<key>fileEncoding</key>
			<string>4</string>
			<key>isa</key>
			<string>PBXFileReference</string>
			<key>lastKnownFileType</key>
			<string>sourcecode.c.objc</string>
			<key>name</key>
			<string>LSNSURLSessionHook.m</string>
			<key>path</key>
			<string>Hooks/NSURLSession/LSNSURLSessionHook.m</string>
			<key>sourceTree</key>
			<string>&lt;group&gt;</string>
		</dict>
		<key>A04D23C9187E4BC900EF6CB2</key>
		<dict>
			<key>fileRef</key>
			<string>A04D23C7187E4BC900EF6CB2</string>
			<key>isa</key>
			<string>PBXBuildFile</string>
		</dict>
		<key>A04D23CA187E4BC900EF6CB2</key>
		<dict>
			<key>fileRef</key>
			<string>A04D23C8187E4BC900EF6CB2</string>
			<key>isa</key>
			<string>PBXBuildFile</string>
		</dict>
		<key>A060B22415FE680900BEAD54</key>
		<dict>
			<key>fileEncoding</key>
			<string>4</string>
			<key>isa</key>
			<string>PBXFileReference</string>
			<key>lastKnownFileType</key>
			<string>sourcecode.c.objc</string>
			<key>name</key>
			<string>LSHTTPStubURLProtocolSpec.m</string>
			<key>path</key>
			<string>Hooks/NSURLRequest/LSHTTPStubURLProtocolSpec.m</string>
			<key>sourceTree</key>
			<string>&lt;group&gt;</string>
		</dict>
		<key>A0708D8F15E6EC9F00352085</key>
		<dict>
			<key>fileEncoding</key>
			<string>4</string>
			<key>isa</key>
			<string>PBXFileReference</string>
			<key>lastKnownFileType</key>
			<string>sourcecode.c.h</string>
			<key>name</key>
			<string>LSHTTPStubURLProtocol.h</string>
			<key>path</key>
			<string>Hooks/NSURLRequest/LSHTTPStubURLProtocol.h</string>
			<key>sourceTree</key>
			<string>&lt;group&gt;</string>
		</dict>
		<key>A0708D9015E6EC9F00352085</key>
		<dict>
			<key>fileEncoding</key>
			<string>4</string>
			<key>isa</key>
			<string>PBXFileReference</string>
			<key>lastKnownFileType</key>
			<string>sourcecode.c.objc</string>
			<key>name</key>
			<string>LSHTTPStubURLProtocol.m</string>
			<key>path</key>
			<string>Hooks/NSURLRequest/LSHTTPStubURLProtocol.m</string>
			<key>sourceTree</key>
			<string>&lt;group&gt;</string>
		</dict>
		<key>A0708D9115E6EC9F00352085</key>
		<dict>
			<key>fileRef</key>
			<string>A0708D8F15E6EC9F00352085</string>
			<key>isa</key>
			<string>PBXBuildFile</string>
		</dict>
		<key>A0708D9415E6FC4100352085</key>
		<dict>
			<key>fileRef</key>
			<string>A0708D9015E6EC9F00352085</string>
			<key>isa</key>
			<string>PBXBuildFile</string>
		</dict>
		<key>A0708DA215E6FF7200352085</key>
		<dict>
			<key>children</key>
			<array>
				<string>A04D23C6187E4B9500EF6CB2</string>
				<string>A01CEBDF1760009300637CE7</string>
				<string>A0708DA415E6FFB800352085</string>
				<string>A0708DA515E6FFB800352085</string>
				<string>A0708DA315E6FF7E00352085</string>
			</array>
			<key>isa</key>
			<string>PBXGroup</string>
			<key>name</key>
			<string>Hooks</string>
			<key>sourceTree</key>
			<string>&lt;group&gt;</string>
		</dict>
		<key>A0708DA315E6FF7E00352085</key>
		<dict>
			<key>children</key>
			<array>
				<string>A0708D8F15E6EC9F00352085</string>
				<string>A0708D9015E6EC9F00352085</string>
				<string>A0708DA815E7008200352085</string>
				<string>A0708DA915E7008200352085</string>
				<string>A0EE631315ECD8B900009A08</string>
				<string>A0EE631415ECD8B900009A08</string>
				<string>A02C7B0315EE63530061FCEE</string>
				<string>A02C7B0415EE63540061FCEE</string>
			</array>
			<key>isa</key>
			<string>PBXGroup</string>
			<key>name</key>
			<string>NSURLRequest</string>
			<key>sourceTree</key>
			<string>&lt;group&gt;</string>
		</dict>
		<key>A0708DA415E6FFB800352085</key>
		<dict>
			<key>fileEncoding</key>
			<string>4</string>
			<key>isa</key>
			<string>PBXFileReference</string>
			<key>lastKnownFileType</key>
			<string>sourcecode.c.h</string>
			<key>name</key>
			<string>LSHTTPClientHook.h</string>
			<key>path</key>
			<string>Hooks/LSHTTPClientHook.h</string>
			<key>sourceTree</key>
			<string>&lt;group&gt;</string>
		</dict>
		<key>A0708DA515E6FFB800352085</key>
		<dict>
			<key>fileEncoding</key>
			<string>4</string>
			<key>isa</key>
			<string>PBXFileReference</string>
			<key>lastKnownFileType</key>
			<string>sourcecode.c.objc</string>
			<key>name</key>
			<string>LSHTTPClientHook.m</string>
			<key>path</key>
			<string>Hooks/LSHTTPClientHook.m</string>
			<key>sourceTree</key>
			<string>&lt;group&gt;</string>
		</dict>
		<key>A0708DA615E6FFB800352085</key>
		<dict>
			<key>fileRef</key>
			<string>A0708DA415E6FFB800352085</string>
			<key>isa</key>
			<string>PBXBuildFile</string>
			<key>settings</key>
			<dict>
				<key>ATTRIBUTES</key>
				<array>
					<string>Public</string>
				</array>
			</dict>
		</dict>
		<key>A0708DA715E6FFB800352085</key>
		<dict>
			<key>fileRef</key>
			<string>A0708DA515E6FFB800352085</string>
			<key>isa</key>
			<string>PBXBuildFile</string>
		</dict>
		<key>A0708DA815E7008200352085</key>
		<dict>
			<key>fileEncoding</key>
			<string>4</string>
			<key>isa</key>
			<string>PBXFileReference</string>
			<key>lastKnownFileType</key>
			<string>sourcecode.c.h</string>
			<key>name</key>
			<string>LSNSURLHook.h</string>
			<key>path</key>
			<string>Hooks/NSURLRequest/LSNSURLHook.h</string>
			<key>sourceTree</key>
			<string>&lt;group&gt;</string>
		</dict>
		<key>A0708DA915E7008200352085</key>
		<dict>
			<key>fileEncoding</key>
			<string>4</string>
			<key>isa</key>
			<string>PBXFileReference</string>
			<key>lastKnownFileType</key>
			<string>sourcecode.c.objc</string>
			<key>name</key>
			<string>LSNSURLHook.m</string>
			<key>path</key>
			<string>Hooks/NSURLRequest/LSNSURLHook.m</string>
			<key>sourceTree</key>
			<string>&lt;group&gt;</string>
		</dict>
		<key>A0708DAA15E7008200352085</key>
		<dict>
			<key>fileRef</key>
			<string>A0708DA815E7008200352085</string>
			<key>isa</key>
			<string>PBXBuildFile</string>
		</dict>
		<key>A0708DAB15E7008200352085</key>
		<dict>
			<key>fileRef</key>
			<string>A0708DA915E7008200352085</string>
			<key>isa</key>
			<string>PBXBuildFile</string>
		</dict>
		<key>A0708DB315E70C6600352085</key>
		<dict>
			<key>isa</key>
			<string>PBXFileReference</string>
			<key>lastKnownFileType</key>
			<string>wrapper.framework</string>
			<key>name</key>
			<string>UIKit.framework</string>
			<key>path</key>
			<string>System/Library/Frameworks/UIKit.framework</string>
			<key>sourceTree</key>
			<string>SDKROOT</string>
		</dict>
		<key>A0708DB415E70C6600352085</key>
		<dict>
			<key>fileRef</key>
			<string>A0708DB315E70C6600352085</string>
			<key>isa</key>
			<string>PBXBuildFile</string>
		</dict>
		<key>A0708DBC15E70D9800352085</key>
		<dict>
			<key>fileEncoding</key>
			<string>4</string>
			<key>isa</key>
			<string>PBXFileReference</string>
			<key>lastKnownFileType</key>
			<string>sourcecode.c.objc</string>
			<key>name</key>
			<string>MKNetworkKitStubbingSpec.m</string>
			<key>path</key>
			<string>Hooks/NSURLRequest/MKNetworkKitStubbingSpec.m</string>
			<key>sourceTree</key>
			<string>&lt;group&gt;</string>
		</dict>
		<key>A074ABA915E30B0000730EE5</key>
		<dict>
			<key>fileEncoding</key>
			<string>4</string>
			<key>isa</key>
			<string>PBXFileReference</string>
			<key>lastKnownFileType</key>
			<string>sourcecode.c.h</string>
			<key>path</key>
			<string>LSNocilla.h</string>
			<key>sourceTree</key>
			<string>&lt;group&gt;</string>
		</dict>
		<key>A074ABAA15E30B0000730EE5</key>
		<dict>
			<key>fileEncoding</key>
			<string>4</string>
			<key>isa</key>
			<string>PBXFileReference</string>
			<key>lastKnownFileType</key>
			<string>sourcecode.c.objc</string>
			<key>path</key>
			<string>LSNocilla.m</string>
			<key>sourceTree</key>
			<string>&lt;group&gt;</string>
		</dict>
		<key>A074ABAB15E30B0000730EE5</key>
		<dict>
			<key>fileEncoding</key>
			<string>4</string>
			<key>isa</key>
			<string>PBXFileReference</string>
			<key>lastKnownFileType</key>
			<string>sourcecode.c.h</string>
			<key>name</key>
			<string>LSStubRequest.h</string>
			<key>path</key>
			<string>Stubs/LSStubRequest.h</string>
			<key>sourceTree</key>
			<string>&lt;group&gt;</string>
		</dict>
		<key>A074ABAC15E30B0000730EE5</key>
		<dict>
			<key>fileEncoding</key>
			<string>4</string>
			<key>isa</key>
			<string>PBXFileReference</string>
			<key>lastKnownFileType</key>
			<string>sourcecode.c.objc</string>
			<key>name</key>
			<string>LSStubRequest.m</string>
			<key>path</key>
			<string>Stubs/LSStubRequest.m</string>
			<key>sourceTree</key>
			<string>&lt;group&gt;</string>
		</dict>
		<key>A074ABAD15E30B0000730EE5</key>
		<dict>
			<key>fileEncoding</key>
			<string>4</string>
			<key>isa</key>
			<string>PBXFileReference</string>
			<key>lastKnownFileType</key>
			<string>sourcecode.c.h</string>
			<key>name</key>
			<string>LSStubResponse.h</string>
			<key>path</key>
			<string>Stubs/LSStubResponse.h</string>
			<key>sourceTree</key>
			<string>&lt;group&gt;</string>
		</dict>
		<key>A074ABAE15E30B0000730EE5</key>
		<dict>
			<key>fileEncoding</key>
			<string>4</string>
			<key>isa</key>
			<string>PBXFileReference</string>
			<key>lastKnownFileType</key>
			<string>sourcecode.c.objc</string>
			<key>name</key>
			<string>LSStubResponse.m</string>
			<key>path</key>
			<string>Stubs/LSStubResponse.m</string>
			<key>sourceTree</key>
			<string>&lt;group&gt;</string>
		</dict>
		<key>A074ABB115E30B0000730EE5</key>
		<dict>
			<key>fileRef</key>
			<string>A074ABAA15E30B0000730EE5</string>
			<key>isa</key>
			<string>PBXBuildFile</string>
		</dict>
		<key>A074ABB315E30B0000730EE5</key>
		<dict>
			<key>fileRef</key>
			<string>A074ABAC15E30B0000730EE5</string>
			<key>isa</key>
			<string>PBXBuildFile</string>
		</dict>
		<key>A074ABB515E30B0000730EE5</key>
		<dict>
			<key>fileRef</key>
			<string>A074ABAE15E30B0000730EE5</string>
			<key>isa</key>
			<string>PBXBuildFile</string>
		</dict>
		<key>A085B82D15E30749007D33C1</key>
		<dict>
			<key>children</key>
			<array>
				<string>A085B83D15E30749007D33C1</string>
				<string>A085B85215E30749007D33C1</string>
				<string>A085B83A15E30749007D33C1</string>
				<string>A085B83915E30749007D33C1</string>
				<string>3CB9A3DF4AB94FEA9A99A67B</string>
			</array>
			<key>isa</key>
			<string>PBXGroup</string>
			<key>sourceTree</key>
			<string>&lt;group&gt;</string>
		</dict>
		<key>A085B82F15E30749007D33C1</key>
		<dict>
			<key>attributes</key>
			<dict>
				<key>LastUpgradeCheck</key>
				<string>0500</string>
				<key>ORGANIZATIONNAME</key>
				<string>Luis Solano Bonet</string>
			</dict>
			<key>buildConfigurationList</key>
			<string>A085B83215E30749007D33C1</string>
			<key>compatibilityVersion</key>
			<string>Xcode 3.2</string>
			<key>developmentRegion</key>
			<string>English</string>
			<key>hasScannedForEncodings</key>
			<string>0</string>
			<key>isa</key>
			<string>PBXProject</string>
			<key>knownRegions</key>
			<array>
				<string>en</string>
			</array>
			<key>mainGroup</key>
			<string>A085B82D15E30749007D33C1</string>
			<key>productRefGroup</key>
			<string>A085B83915E30749007D33C1</string>
			<key>projectDirPath</key>
			<string></string>
			<key>projectReferences</key>
			<array/>
			<key>projectRoot</key>
			<string></string>
			<key>targets</key>
			<array>
				<string>A085B83715E30749007D33C1</string>
				<string>A085B84815E30749007D33C1</string>
			</array>
		</dict>
		<key>A085B83215E30749007D33C1</key>
		<dict>
			<key>buildConfigurations</key>
			<array>
				<string>A085B85B15E30749007D33C1</string>
				<string>A085B85C15E30749007D33C1</string>
			</array>
			<key>defaultConfigurationIsVisible</key>
			<string>0</string>
			<key>defaultConfigurationName</key>
			<string>Release</string>
			<key>isa</key>
			<string>XCConfigurationList</string>
		</dict>
		<key>A085B83415E30749007D33C1</key>
		<dict>
			<key>buildActionMask</key>
			<string>2147483647</string>
			<key>files</key>
			<array>
				<string>A074ABB115E30B0000730EE5</string>
				<string>A074ABB315E30B0000730EE5</string>
				<string>A04D23CA187E4BC900EF6CB2</string>
				<string>A074ABB515E30B0000730EE5</string>
				<string>A0708D9415E6FC4100352085</string>
				<string>A0708DA715E6FFB800352085</string>
				<string>A0708DAB15E7008200352085</string>
				<string>A0EE630815EC217A00009A08</string>
				<string>A02C7AD315ED702B0061FCEE</string>
				<string>A02C7ADB15ED704F0061FCEE</string>
				<string>A02C7AF915EE5CF80061FCEE</string>
				<string>A02C7AFE15EE62650061FCEE</string>
				<string>A02C7B0615EE63540061FCEE</string>
				<string>A08EE2281728A2F4001830E6</string>
				<string>A028892E1728C3FF00288022</string>
				<string>A02889321728C52100288022</string>
				<string>A02889361728C88E00288022</string>
				<string>A028893A1728C95600288022</string>
				<string>A01CEBE3176000CB00637CE7</string>
				<string>A01CEBEB176006CB00637CE7</string>
				<string>A01CEBF11760145C00637CE7</string>
				<string>A028893F1728CA5900288022</string>
				<string>A092C5AD177BBCC400B5C5F9</string>
			</array>
			<key>isa</key>
			<string>PBXSourcesBuildPhase</string>
			<key>runOnlyForDeploymentPostprocessing</key>
			<string>0</string>
		</dict>
		<key>A085B83515E30749007D33C1</key>
		<dict>
			<key>buildActionMask</key>
			<string>2147483647</string>
			<key>files</key>
			<array>
				<string>A085B83C15E30749007D33C1</string>
			</array>
			<key>isa</key>
			<string>PBXFrameworksBuildPhase</string>
			<key>runOnlyForDeploymentPostprocessing</key>
			<string>0</string>
		</dict>
		<key>A085B83615E30749007D33C1</key>
		<dict>
			<key>buildActionMask</key>
			<string>2147483647</string>
			<key>dstPath</key>
			<string>include/${PRODUCT_NAME}</string>
			<key>dstSubfolderSpec</key>
			<string>16</string>
			<key>files</key>
			<array>
				<string>A085B84115E30749007D33C1</string>
			</array>
			<key>isa</key>
			<string>PBXCopyFilesBuildPhase</string>
			<key>runOnlyForDeploymentPostprocessing</key>
			<string>0</string>
		</dict>
		<key>A085B83715E30749007D33C1</key>
		<dict>
			<key>buildConfigurationList</key>
			<string>A085B85D15E30749007D33C1</string>
			<key>buildPhases</key>
			<array>
				<string>A085B83415E30749007D33C1</string>
				<string>A085B83515E30749007D33C1</string>
				<string>A085B83615E30749007D33C1</string>
				<string>A08D52C515E5A694003650F7</string>
			</array>
			<key>buildRules</key>
			<array/>
			<key>dependencies</key>
			<array/>
			<key>isa</key>
			<string>PBXNativeTarget</string>
			<key>name</key>
			<string>Nocilla</string>
			<key>productName</key>
			<string>Nocilla</string>
			<key>productReference</key>
			<string>A085B83815E30749007D33C1</string>
			<key>productType</key>
			<string>com.apple.product-type.library.static</string>
		</dict>
		<key>A085B83815E30749007D33C1</key>
		<dict>
			<key>explicitFileType</key>
			<string>archive.ar</string>
			<key>includeInIndex</key>
			<string>0</string>
			<key>isa</key>
			<string>PBXFileReference</string>
			<key>path</key>
			<string>libNocilla.a</string>
			<key>sourceTree</key>
			<string>BUILT_PRODUCTS_DIR</string>
		</dict>
		<key>A085B83915E30749007D33C1</key>
		<dict>
			<key>children</key>
			<array>
				<string>A085B83815E30749007D33C1</string>
				<string>A085B84915E30749007D33C1</string>
			</array>
			<key>isa</key>
			<string>PBXGroup</string>
			<key>name</key>
			<string>Products</string>
			<key>sourceTree</key>
			<string>&lt;group&gt;</string>
		</dict>
		<key>A085B83A15E30749007D33C1</key>
		<dict>
			<key>children</key>
			<array>
				<string>A0BBF5C916DD9BDD00D660D2</string>
				<string>A0708DB315E70C6600352085</string>
				<string>A085B83B15E30749007D33C1</string>
				<string>A085B84A15E30749007D33C1</string>
				<string>CADACB517CAB41DD8263C667</string>
				<string>F7621264AB6B45CE84724138</string>
			</array>
			<key>isa</key>
			<string>PBXGroup</string>
			<key>name</key>
			<string>Frameworks</string>
			<key>sourceTree</key>
			<string>&lt;group&gt;</string>
		</dict>
		<key>A085B83B15E30749007D33C1</key>
		<dict>
			<key>includeInIndex</key>
			<string>1</string>
			<key>isa</key>
			<string>PBXFileReference</string>
			<key>lastKnownFileType</key>
			<string>wrapper.framework</string>
			<key>name</key>
			<string>Foundation.framework</string>
			<key>path</key>
			<string>System/Library/Frameworks/Foundation.framework</string>
			<key>sourceTree</key>
			<string>SDKROOT</string>
		</dict>
		<key>A085B83C15E30749007D33C1</key>
		<dict>
			<key>fileRef</key>
			<string>A085B83B15E30749007D33C1</string>
			<key>isa</key>
			<string>PBXBuildFile</string>
		</dict>
		<key>A085B83D15E30749007D33C1</key>
		<dict>
			<key>children</key>
			<array>
				<string>A028893B1728CA4700288022</string>
				<string>A08EE21F1728A1E7001830E6</string>
				<string>A02C7B0815EE65020061FCEE</string>
				<string>A02C7B0915EE655E0061FCEE</string>
				<string>A02C7B0A15EE658A0061FCEE</string>
				<string>A02C7ACF15ED70170061FCEE</string>
				<string>A0708DA215E6FF7200352085</string>
				<string>A085B84015E30749007D33C1</string>
				<string>A074ABA915E30B0000730EE5</string>
				<string>A074ABAA15E30B0000730EE5</string>
				<string>A085B83E15E30749007D33C1</string>
			</array>
			<key>isa</key>
			<string>PBXGroup</string>
			<key>path</key>
			<string>Nocilla</string>
			<key>sourceTree</key>
			<string>&lt;group&gt;</string>
		</dict>
		<key>A085B83E15E30749007D33C1</key>
		<dict>
			<key>children</key>
			<array>
				<string>A085B83F15E30749007D33C1</string>
			</array>
			<key>isa</key>
			<string>PBXGroup</string>
			<key>name</key>
			<string>Supporting Files</string>
			<key>sourceTree</key>
			<string>&lt;group&gt;</string>
		</dict>
		<key>A085B83F15E30749007D33C1</key>
		<dict>
			<key>isa</key>
			<string>PBXFileReference</string>
			<key>lastKnownFileType</key>
			<string>sourcecode.c.h</string>
			<key>path</key>
			<string>Nocilla-Prefix.pch</string>
			<key>sourceTree</key>
			<string>&lt;group&gt;</string>
		</dict>
		<key>A085B84015E30749007D33C1</key>
		<dict>
			<key>isa</key>
			<string>PBXFileReference</string>
			<key>lastKnownFileType</key>
			<string>sourcecode.c.h</string>
			<key>path</key>
			<string>Nocilla.h</string>
			<key>sourceTree</key>
			<string>&lt;group&gt;</string>
		</dict>
		<key>A085B84115E30749007D33C1</key>
		<dict>
			<key>fileRef</key>
			<string>A085B84015E30749007D33C1</string>
			<key>isa</key>
			<string>PBXBuildFile</string>
		</dict>
		<key>A085B84415E30749007D33C1</key>
		<dict>
			<key>buildActionMask</key>
			<string>2147483647</string>
			<key>files</key>
			<array>
				<string>A02C7ACA15ECDD780061FCEE</string>
				<string>A02C7ADE15ED75480061FCEE</string>
				<string>A0055EE415EEAE08005D6C85</string>
				<string>A0055EE815EEAF8C005D6C85</string>
				<string>A0BB870115FE7C2E0090236F</string>
				<string>A0BB870215FE7C320090236F</string>
				<string>A04D23C5187E3BF200EF6CB2</string>
				<string>A0BB870315FE7C350090236F</string>
				<string>A0BB870615FE7D8F0090236F</string>
				<string>0FA3E7FE1680775B001DB582</string>
				<string>A08EE2291728A3A9001830E6</string>
				<string>A02889241728BEFD00288022</string>
				<string>A02889431728CD6000288022</string>
				<string>73C60D1E181AEA2700EEAEC2</string>
				<string>A01CEBED1760081F00637CE7</string>
				<string>A01CEBDE175FFE3200637CE7</string>
				<string>AA0A44061758E27100D2F909</string>
			</array>
			<key>isa</key>
			<string>PBXSourcesBuildPhase</string>
			<key>runOnlyForDeploymentPostprocessing</key>
			<string>0</string>
		</dict>
		<key>A085B84515E30749007D33C1</key>
		<dict>
			<key>buildActionMask</key>
			<string>2147483647</string>
			<key>files</key>
			<array>
				<string>A0BBF5CA16DD9BDD00D660D2</string>
				<string>A0708DB415E70C6600352085</string>
				<string>A085B84B15E30749007D33C1</string>
				<string>A085B84E15E30749007D33C1</string>
				<string>A085B85115E30749007D33C1</string>
				<string>48452581F6A54CD186A95980</string>
			</array>
			<key>isa</key>
			<string>PBXFrameworksBuildPhase</string>
			<key>runOnlyForDeploymentPostprocessing</key>
			<string>0</string>
		</dict>
		<key>A085B84615E30749007D33C1</key>
		<dict>
			<key>buildActionMask</key>
			<string>2147483647</string>
			<key>files</key>
			<array>
				<string>A085B85715E30749007D33C1</string>
			</array>
			<key>isa</key>
			<string>PBXResourcesBuildPhase</string>
			<key>runOnlyForDeploymentPostprocessing</key>
			<string>0</string>
		</dict>
		<key>A085B84715E30749007D33C1</key>
		<dict>
			<key>buildActionMask</key>
			<string>2147483647</string>
			<key>files</key>
			<array/>
			<key>inputPaths</key>
			<array/>
			<key>isa</key>
			<string>PBXShellScriptBuildPhase</string>
			<key>outputPaths</key>
			<array/>
			<key>runOnlyForDeploymentPostprocessing</key>
			<string>0</string>
			<key>shellPath</key>
			<string>/bin/sh</string>
			<key>shellScript</key>
			<string># Run the unit tests in this test bundle.
"${SYSTEM_DEVELOPER_DIR}/Tools/RunUnitTests"
</string>
		</dict>
		<key>A085B84815E30749007D33C1</key>
		<dict>
			<key>buildConfigurationList</key>
			<string>A085B86015E30749007D33C1</string>
			<key>buildPhases</key>
			<array>
				<string>9D4C7BC8F2DF4EA496967380</string>
				<string>A085B84415E30749007D33C1</string>
				<string>A085B84515E30749007D33C1</string>
				<string>A085B84615E30749007D33C1</string>
				<string>A085B84715E30749007D33C1</string>
				<string>C1CB41255F6241919E9FA64B</string>
			</array>
			<key>buildRules</key>
			<array/>
			<key>dependencies</key>
			<array>
				<string>A085B85015E30749007D33C1</string>
			</array>
			<key>isa</key>
			<string>PBXNativeTarget</string>
			<key>name</key>
			<string>NocillaTests</string>
			<key>productName</key>
			<string>NocillaTests</string>
			<key>productReference</key>
			<string>A085B84915E30749007D33C1</string>
			<key>productType</key>
			<string>com.apple.product-type.bundle</string>
		</dict>
		<key>A085B84915E30749007D33C1</key>
		<dict>
			<key>explicitFileType</key>
			<string>wrapper.cfbundle</string>
			<key>includeInIndex</key>
			<string>0</string>
			<key>isa</key>
			<string>PBXFileReference</string>
			<key>path</key>
			<string>NocillaTests.octest</string>
			<key>sourceTree</key>
			<string>BUILT_PRODUCTS_DIR</string>
		</dict>
		<key>A085B84A15E30749007D33C1</key>
		<dict>
			<key>includeInIndex</key>
			<string>1</string>
			<key>isa</key>
			<string>PBXFileReference</string>
			<key>lastKnownFileType</key>
			<string>wrapper.framework</string>
			<key>name</key>
			<string>SenTestingKit.framework</string>
			<key>path</key>
			<string>Library/Frameworks/SenTestingKit.framework</string>
			<key>sourceTree</key>
			<string>DEVELOPER_DIR</string>
		</dict>
		<key>A085B84B15E30749007D33C1</key>
		<dict>
			<key>fileRef</key>
			<string>A085B84A15E30749007D33C1</string>
			<key>isa</key>
			<string>PBXBuildFile</string>
		</dict>
		<key>A085B84E15E30749007D33C1</key>
		<dict>
			<key>fileRef</key>
			<string>A085B83B15E30749007D33C1</string>
			<key>isa</key>
			<string>PBXBuildFile</string>
		</dict>
		<key>A085B84F15E30749007D33C1</key>
		<dict>
			<key>containerPortal</key>
			<string>A085B82F15E30749007D33C1</string>
			<key>isa</key>
			<string>PBXContainerItemProxy</string>
			<key>proxyType</key>
			<string>1</string>
			<key>remoteGlobalIDString</key>
			<string>A085B83715E30749007D33C1</string>
			<key>remoteInfo</key>
			<string>Nocilla</string>
		</dict>
		<key>A085B85015E30749007D33C1</key>
		<dict>
			<key>isa</key>
			<string>PBXTargetDependency</string>
			<key>target</key>
			<string>A085B83715E30749007D33C1</string>
			<key>targetProxy</key>
			<string>A085B84F15E30749007D33C1</string>
		</dict>
		<key>A085B85115E30749007D33C1</key>
		<dict>
			<key>fileRef</key>
			<string>A085B83815E30749007D33C1</string>
			<key>isa</key>
			<string>PBXBuildFile</string>
		</dict>
		<key>A085B85215E30749007D33C1</key>
		<dict>
			<key>children</key>
			<array>
				<string>A08EE2201728A1FC001830E6</string>
				<string>A0BB870415FE7D7E0090236F</string>
				<string>A0055EE515EEAF73005D6C85</string>
				<string>A02C7B0D15EE66250061FCEE</string>
				<string>A02C7B0B15EE65E50061FCEE</string>
				<string>A02C7ADC15ED752A0061FCEE</string>
				<string>A085B85315E30749007D33C1</string>
				<string>A02889221728BEFD00288022</string>
				<string>A02889231728BEFD00288022</string>
				<string>A01CEBEC1760081F00637CE7</string>
			</array>
			<key>isa</key>
			<string>PBXGroup</string>
			<key>path</key>
			<string>NocillaTests</string>
			<key>sourceTree</key>
			<string>&lt;group&gt;</string>
		</dict>
		<key>A085B85315E30749007D33C1</key>
		<dict>
			<key>children</key>
			<array>
				<string>A085B85415E30749007D33C1</string>
				<string>A085B85515E30749007D33C1</string>
			</array>
			<key>isa</key>
			<string>PBXGroup</string>
			<key>name</key>
			<string>Supporting Files</string>
			<key>sourceTree</key>
			<string>&lt;group&gt;</string>
		</dict>
		<key>A085B85415E30749007D33C1</key>
		<dict>
			<key>isa</key>
			<string>PBXFileReference</string>
			<key>lastKnownFileType</key>
			<string>text.plist.xml</string>
			<key>path</key>
			<string>NocillaTests-Info.plist</string>
			<key>sourceTree</key>
			<string>&lt;group&gt;</string>
		</dict>
		<key>A085B85515E30749007D33C1</key>
		<dict>
			<key>children</key>
			<array>
				<string>A085B85615E30749007D33C1</string>
			</array>
			<key>isa</key>
			<string>PBXVariantGroup</string>
			<key>name</key>
			<string>InfoPlist.strings</string>
			<key>sourceTree</key>
			<string>&lt;group&gt;</string>
		</dict>
		<key>A085B85615E30749007D33C1</key>
		<dict>
			<key>isa</key>
			<string>PBXFileReference</string>
			<key>lastKnownFileType</key>
			<string>text.plist.strings</string>
			<key>name</key>
			<string>en</string>
			<key>path</key>
			<string>en.lproj/InfoPlist.strings</string>
			<key>sourceTree</key>
			<string>&lt;group&gt;</string>
		</dict>
		<key>A085B85715E30749007D33C1</key>
		<dict>
			<key>fileRef</key>
			<string>A085B85515E30749007D33C1</string>
			<key>isa</key>
			<string>PBXBuildFile</string>
		</dict>
		<key>A085B85915E30749007D33C1</key>
		<dict>
			<key>isa</key>
			<string>PBXFileReference</string>
			<key>lastKnownFileType</key>
			<string>sourcecode.c.objc</string>
			<key>name</key>
			<string>AFNetworkingStubbingSpec.m</string>
			<key>path</key>
			<string>Hooks/NSURLRequest/AFNetworkingStubbingSpec.m</string>
			<key>sourceTree</key>
			<string>&lt;group&gt;</string>
		</dict>
		<key>A085B85B15E30749007D33C1</key>
		<dict>
			<key>buildSettings</key>
			<dict>
				<key>ALWAYS_SEARCH_USER_PATHS</key>
				<string>NO</string>
				<key>CLANG_CXX_LANGUAGE_STANDARD</key>
				<string>gnu++0x</string>
				<key>CLANG_ENABLE_OBJC_ARC</key>
				<string>YES</string>
				<key>CLANG_WARN__DUPLICATE_METHOD_MATCH</key>
				<string>YES</string>
				<key>COPY_PHASE_STRIP</key>
				<string>NO</string>
				<key>GCC_C_LANGUAGE_STANDARD</key>
				<string>gnu99</string>
				<key>GCC_DYNAMIC_NO_PIC</key>
				<string>NO</string>
				<key>GCC_OPTIMIZATION_LEVEL</key>
				<string>0</string>
				<key>GCC_PREPROCESSOR_DEFINITIONS</key>
				<array>
					<string>DEBUG=1</string>
					<string>$(inherited)</string>
				</array>
				<key>GCC_SYMBOLS_PRIVATE_EXTERN</key>
				<string>NO</string>
				<key>GCC_TREAT_WARNINGS_AS_ERRORS</key>
				<string>YES</string>
				<key>GCC_WARN_ABOUT_RETURN_TYPE</key>
				<string>YES</string>
				<key>GCC_WARN_UNINITIALIZED_AUTOS</key>
				<string>YES</string>
				<key>GCC_WARN_UNUSED_VARIABLE</key>
				<string>YES</string>
				<key>IPHONEOS_DEPLOYMENT_TARGET</key>
				<string>6.0</string>
				<key>ONLY_ACTIVE_ARCH</key>
				<string>YES</string>
				<key>SDKROOT</key>
				<string>iphoneos</string>
			</dict>
			<key>isa</key>
			<string>XCBuildConfiguration</string>
			<key>name</key>
			<string>Debug</string>
		</dict>
		<key>A085B85C15E30749007D33C1</key>
		<dict>
			<key>buildSettings</key>
			<dict>
				<key>ALWAYS_SEARCH_USER_PATHS</key>
				<string>NO</string>
				<key>CLANG_CXX_LANGUAGE_STANDARD</key>
				<string>gnu++0x</string>
				<key>CLANG_ENABLE_OBJC_ARC</key>
				<string>YES</string>
				<key>CLANG_WARN__DUPLICATE_METHOD_MATCH</key>
				<string>YES</string>
				<key>COPY_PHASE_STRIP</key>
				<string>YES</string>
				<key>GCC_C_LANGUAGE_STANDARD</key>
				<string>gnu99</string>
				<key>GCC_TREAT_WARNINGS_AS_ERRORS</key>
				<string>YES</string>
				<key>GCC_WARN_ABOUT_RETURN_TYPE</key>
				<string>YES</string>
				<key>GCC_WARN_UNINITIALIZED_AUTOS</key>
				<string>YES</string>
				<key>GCC_WARN_UNUSED_VARIABLE</key>
				<string>YES</string>
				<key>IPHONEOS_DEPLOYMENT_TARGET</key>
				<string>6.0</string>
				<key>SDKROOT</key>
				<string>iphoneos</string>
				<key>VALIDATE_PRODUCT</key>
				<string>YES</string>
			</dict>
			<key>isa</key>
			<string>XCBuildConfiguration</string>
			<key>name</key>
			<string>Release</string>
		</dict>
		<key>A085B85D15E30749007D33C1</key>
		<dict>
			<key>buildConfigurations</key>
			<array>
				<string>A085B85E15E30749007D33C1</string>
				<string>A085B85F15E30749007D33C1</string>
			</array>
			<key>defaultConfigurationIsVisible</key>
			<string>0</string>
			<key>defaultConfigurationName</key>
			<string>Release</string>
			<key>isa</key>
			<string>XCConfigurationList</string>
		</dict>
		<key>A085B85E15E30749007D33C1</key>
		<dict>
			<key>buildSettings</key>
			<dict>
				<key>DSTROOT</key>
				<string>/tmp/Nocilla.dst</string>
				<key>GCC_PRECOMPILE_PREFIX_HEADER</key>
				<string>YES</string>
				<key>GCC_PREFIX_HEADER</key>
				<string>Nocilla/Nocilla-Prefix.pch</string>
				<key>GCC_TREAT_WARNINGS_AS_ERRORS</key>
				<string>NO</string>
				<key>GCC_WARN_PEDANTIC</key>
				<string>NO</string>
				<key>PRODUCT_NAME</key>
				<string>$(TARGET_NAME)</string>
				<key>PUBLIC_HEADERS_FOLDER_PATH</key>
				<string>PublicHeaders</string>
				<key>SKIP_INSTALL</key>
				<string>YES</string>
			</dict>
			<key>isa</key>
			<string>XCBuildConfiguration</string>
			<key>name</key>
			<string>Debug</string>
		</dict>
		<key>A085B85F15E30749007D33C1</key>
		<dict>
			<key>buildSettings</key>
			<dict>
				<key>DSTROOT</key>
				<string>/tmp/Nocilla.dst</string>
				<key>GCC_PRECOMPILE_PREFIX_HEADER</key>
				<string>YES</string>
				<key>GCC_PREFIX_HEADER</key>
				<string>Nocilla/Nocilla-Prefix.pch</string>
				<key>GCC_TREAT_WARNINGS_AS_ERRORS</key>
				<string>NO</string>
				<key>GCC_WARN_PEDANTIC</key>
				<string>NO</string>
				<key>PRODUCT_NAME</key>
				<string>$(TARGET_NAME)</string>
				<key>PUBLIC_HEADERS_FOLDER_PATH</key>
				<string>PublicHeaders</string>
				<key>SKIP_INSTALL</key>
				<string>YES</string>
			</dict>
			<key>isa</key>
			<string>XCBuildConfiguration</string>
			<key>name</key>
			<string>Release</string>
		</dict>
		<key>A085B86015E30749007D33C1</key>
		<dict>
			<key>buildConfigurations</key>
			<array>
				<string>A085B86115E30749007D33C1</string>
				<string>A085B86215E30749007D33C1</string>
			</array>
			<key>defaultConfigurationIsVisible</key>
			<string>0</string>
			<key>defaultConfigurationName</key>
			<string>Release</string>
			<key>isa</key>
			<string>XCConfigurationList</string>
		</dict>
		<key>A085B86115E30749007D33C1</key>
		<dict>
			<key>baseConfigurationReference</key>
			<string>3CB9A3DF4AB94FEA9A99A67B</string>
			<key>buildSettings</key>
			<dict>
				<key>GCC_PRECOMPILE_PREFIX_HEADER</key>
				<string>YES</string>
				<key>GCC_PREFIX_HEADER</key>
				<string>Nocilla/Nocilla-Prefix.pch</string>
				<key>INFOPLIST_FILE</key>
				<string>NocillaTests/NocillaTests-Info.plist</string>
				<key>PRODUCT_NAME</key>
				<string>$(TARGET_NAME)</string>
				<key>WRAPPER_EXTENSION</key>
				<string>octest</string>
			</dict>
			<key>isa</key>
			<string>XCBuildConfiguration</string>
			<key>name</key>
			<string>Debug</string>
		</dict>
		<key>A085B86215E30749007D33C1</key>
		<dict>
			<key>baseConfigurationReference</key>
			<string>3CB9A3DF4AB94FEA9A99A67B</string>
			<key>buildSettings</key>
			<dict>
				<key>GCC_PRECOMPILE_PREFIX_HEADER</key>
				<string>YES</string>
				<key>GCC_PREFIX_HEADER</key>
				<string>Nocilla/Nocilla-Prefix.pch</string>
				<key>INFOPLIST_FILE</key>
				<string>NocillaTests/NocillaTests-Info.plist</string>
				<key>PRODUCT_NAME</key>
				<string>$(TARGET_NAME)</string>
				<key>WRAPPER_EXTENSION</key>
				<string>octest</string>
			</dict>
			<key>isa</key>
			<string>XCBuildConfiguration</string>
			<key>name</key>
			<string>Release</string>
		</dict>
		<key>A08D52C515E5A694003650F7</key>
		<dict>
			<key>buildActionMask</key>
			<string>2147483647</string>
			<key>files</key>
			<array>
				<string>A08D52C715E5A6A7003650F7</string>
				<string>A08D52C815E5A6A7003650F7</string>
				<string>A02C7AF115ED795A0061FCEE</string>
				<string>A0708D9115E6EC9F00352085</string>
				<string>A02C7AEE15ED791E0061FCEE</string>
				<string>A02C7AEF15ED79230061FCEE</string>
				<string>A028892D1728C3FF00288022</string>
				<string>A02889311728C52100288022</string>
				<string>A02889391728C95600288022</string>
				<string>A028893E1728CA5900288022</string>
				<string>A04D23C9187E4BC900EF6CB2</string>
				<string>A0708DA615E6FFB800352085</string>
				<string>A0708DAA15E7008200352085</string>
				<string>A01CEBE2176000CB00637CE7</string>
				<string>A0EE630715EC217A00009A08</string>
				<string>A0EE631515ECD8B900009A08</string>
				<string>A02C7AD215ED702B0061FCEE</string>
				<string>A02C7ADA15ED704F0061FCEE</string>
				<string>A02C7AEC15ED79120061FCEE</string>
				<string>A02C7AED15ED79170061FCEE</string>
				<string>A02C7AF815EE5CF80061FCEE</string>
				<string>A02C7B0515EE63540061FCEE</string>
				<string>A08EE2271728A2F4001830E6</string>
				<string>A02889351728C88E00288022</string>
				<string>A01CEBEA176006CB00637CE7</string>
				<string>A01CEBF01760145C00637CE7</string>
				<string>A092C5AC177BBCC400B5C5F9</string>
			</array>
			<key>isa</key>
			<string>PBXHeadersBuildPhase</string>
			<key>runOnlyForDeploymentPostprocessing</key>
			<string>0</string>
		</dict>
		<key>A08D52C715E5A6A7003650F7</key>
		<dict>
			<key>fileRef</key>
			<string>A074ABA915E30B0000730EE5</string>
			<key>isa</key>
			<string>PBXBuildFile</string>
			<key>settings</key>
			<dict>
				<key>ATTRIBUTES</key>
				<array>
					<string>Public</string>
				</array>
			</dict>
		</dict>
		<key>A08D52C815E5A6A7003650F7</key>
		<dict>
			<key>fileRef</key>
			<string>A085B84015E30749007D33C1</string>
			<key>isa</key>
			<string>PBXBuildFile</string>
			<key>settings</key>
			<dict>
				<key>ATTRIBUTES</key>
				<array>
					<string>Public</string>
				</array>
			</dict>
		</dict>
		<key>A08EE21F1728A1E7001830E6</key>
		<dict>
			<key>children</key>
			<array>
				<string>A08EE2251728A2F4001830E6</string>
				<string>A08EE2261728A2F4001830E6</string>
				<string>A02889251728C36B00288022</string>
				<string>A028892B1728C3FF00288022</string>
				<string>A028892C1728C3FF00288022</string>
				<string>A028892F1728C52000288022</string>
				<string>A02889301728C52100288022</string>
				<string>A02889331728C88D00288022</string>
				<string>A02889341728C88D00288022</string>
				<string>A02889371728C95600288022</string>
				<string>A02889381728C95600288022</string>
			</array>
			<key>isa</key>
			<string>PBXGroup</string>
			<key>name</key>
			<string>Matchers</string>
			<key>sourceTree</key>
			<string>&lt;group&gt;</string>
		</dict>
		<key>A08EE2201728A1FC001830E6</key>
		<dict>
			<key>children</key>
			<array>
				<string>A08EE2231728A241001830E6</string>
				<string>A02889421728CD6000288022</string>
			</array>
			<key>isa</key>
			<string>PBXGroup</string>
			<key>name</key>
			<string>Matchers</string>
			<key>sourceTree</key>
			<string>&lt;group&gt;</string>
		</dict>
		<key>A08EE2231728A241001830E6</key>
		<dict>
			<key>fileEncoding</key>
			<string>4</string>
			<key>isa</key>
			<string>PBXFileReference</string>
			<key>lastKnownFileType</key>
			<string>sourcecode.c.objc</string>
			<key>name</key>
			<string>LSStringMatcherSpec.m</string>
			<key>path</key>
			<string>Matchers/LSStringMatcherSpec.m</string>
			<key>sourceTree</key>
			<string>&lt;group&gt;</string>
		</dict>
		<key>A08EE2251728A2F4001830E6</key>
		<dict>
			<key>fileEncoding</key>
			<string>4</string>
			<key>isa</key>
			<string>PBXFileReference</string>
			<key>lastKnownFileType</key>
			<string>sourcecode.c.h</string>
			<key>name</key>
			<string>LSStringMatcher.h</string>
			<key>path</key>
			<string>Matchers/LSStringMatcher.h</string>
			<key>sourceTree</key>
			<string>&lt;group&gt;</string>
		</dict>
		<key>A08EE2261728A2F4001830E6</key>
		<dict>
			<key>fileEncoding</key>
			<string>4</string>
			<key>isa</key>
			<string>PBXFileReference</string>
			<key>lastKnownFileType</key>
			<string>sourcecode.c.objc</string>
			<key>name</key>
			<string>LSStringMatcher.m</string>
			<key>path</key>
			<string>Matchers/LSStringMatcher.m</string>
			<key>sourceTree</key>
			<string>&lt;group&gt;</string>
		</dict>
		<key>A08EE2271728A2F4001830E6</key>
		<dict>
			<key>fileRef</key>
			<string>A08EE2251728A2F4001830E6</string>
			<key>isa</key>
			<string>PBXBuildFile</string>
		</dict>
		<key>A08EE2281728A2F4001830E6</key>
		<dict>
			<key>fileRef</key>
			<string>A08EE2261728A2F4001830E6</string>
			<key>isa</key>
			<string>PBXBuildFile</string>
		</dict>
		<key>A08EE2291728A3A9001830E6</key>
		<dict>
			<key>fileRef</key>
			<string>A08EE2231728A241001830E6</string>
			<key>isa</key>
			<string>PBXBuildFile</string>
		</dict>
		<key>A092C5A9177BB0A000B5C5F9</key>
		<dict>
			<key>isa</key>
			<string>PBXFileReference</string>
			<key>lastKnownFileType</key>
			<string>sourcecode.c.h</string>
			<key>name</key>
			<string>LSHTTPBody.h</string>
			<key>path</key>
			<string>Model/LSHTTPBody.h</string>
			<key>sourceTree</key>
			<string>&lt;group&gt;</string>
		</dict>
		<key>A092C5AA177BBCC400B5C5F9</key>
		<dict>
			<key>fileEncoding</key>
			<string>4</string>
			<key>isa</key>
			<string>PBXFileReference</string>
			<key>lastKnownFileType</key>
			<string>sourcecode.c.h</string>
			<key>name</key>
			<string>NSData+Nocilla.h</string>
			<key>path</key>
			<string>Categories/NSData+Nocilla.h</string>
			<key>sourceTree</key>
			<string>&lt;group&gt;</string>
		</dict>
		<key>A092C5AB177BBCC400B5C5F9</key>
		<dict>
			<key>fileEncoding</key>
			<string>4</string>
			<key>isa</key>
			<string>PBXFileReference</string>
			<key>lastKnownFileType</key>
			<string>sourcecode.c.objc</string>
			<key>name</key>
			<string>NSData+Nocilla.m</string>
			<key>path</key>
			<string>Categories/NSData+Nocilla.m</string>
			<key>sourceTree</key>
			<string>&lt;group&gt;</string>
		</dict>
		<key>A092C5AC177BBCC400B5C5F9</key>
		<dict>
			<key>fileRef</key>
			<string>A092C5AA177BBCC400B5C5F9</string>
			<key>isa</key>
			<string>PBXBuildFile</string>
		</dict>
		<key>A092C5AD177BBCC400B5C5F9</key>
		<dict>
			<key>fileRef</key>
			<string>A092C5AB177BBCC400B5C5F9</string>
			<key>isa</key>
			<string>PBXBuildFile</string>
		</dict>
		<key>A0BB870115FE7C2E0090236F</key>
		<dict>
			<key>fileRef</key>
			<string>A085B85915E30749007D33C1</string>
			<key>isa</key>
			<string>PBXBuildFile</string>
		</dict>
		<key>A0BB870215FE7C320090236F</key>
		<dict>
			<key>fileRef</key>
			<string>A0055F0115EFFA8B005D6C85</string>
			<key>isa</key>
			<string>PBXBuildFile</string>
		</dict>
		<key>A0BB870315FE7C350090236F</key>
		<dict>
			<key>fileRef</key>
			<string>A060B22415FE680900BEAD54</string>
			<key>isa</key>
			<string>PBXBuildFile</string>
		</dict>
		<key>A0BB870415FE7D7E0090236F</key>
		<dict>
			<key>children</key>
			<array>
				<string>A0BB870515FE7D8F0090236F</string>
				<string>0FA3E7FD1680775B001DB582</string>
			</array>
			<key>isa</key>
			<string>PBXGroup</string>
			<key>name</key>
			<string>Stubs</string>
			<key>sourceTree</key>
			<string>&lt;group&gt;</string>
		</dict>
		<key>A0BB870515FE7D8F0090236F</key>
		<dict>
			<key>fileEncoding</key>
			<string>4</string>
			<key>isa</key>
			<string>PBXFileReference</string>
			<key>lastKnownFileType</key>
			<string>sourcecode.c.objc</string>
			<key>name</key>
			<string>LSStubRequestSpec.m</string>
			<key>path</key>
			<string>Stubs/LSStubRequestSpec.m</string>
			<key>sourceTree</key>
			<string>&lt;group&gt;</string>
		</dict>
		<key>A0BB870615FE7D8F0090236F</key>
		<dict>
			<key>fileRef</key>
			<string>A0BB870515FE7D8F0090236F</string>
			<key>isa</key>
			<string>PBXBuildFile</string>
		</dict>
		<key>A0BBF5C916DD9BDD00D660D2</key>
		<dict>
			<key>isa</key>
			<string>PBXFileReference</string>
			<key>lastKnownFileType</key>
			<string>wrapper.framework</string>
			<key>name</key>
			<string>CoreGraphics.framework</string>
			<key>path</key>
			<string>System/Library/Frameworks/CoreGraphics.framework</string>
			<key>sourceTree</key>
			<string>SDKROOT</string>
		</dict>
		<key>A0BBF5CA16DD9BDD00D660D2</key>
		<dict>
			<key>fileRef</key>
			<string>A0BBF5C916DD9BDD00D660D2</string>
			<key>isa</key>
			<string>PBXBuildFile</string>
		</dict>
		<key>A0EE630515EC217A00009A08</key>
		<dict>
			<key>fileEncoding</key>
			<string>4</string>
			<key>isa</key>
			<string>PBXFileReference</string>
			<key>lastKnownFileType</key>
			<string>sourcecode.c.h</string>
			<key>name</key>
			<string>LSHTTPRequestDiff.h</string>
			<key>path</key>
			<string>Diff/LSHTTPRequestDiff.h</string>
			<key>sourceTree</key>
			<string>&lt;group&gt;</string>
		</dict>
		<key>A0EE630615EC217A00009A08</key>
		<dict>
			<key>fileEncoding</key>
			<string>4</string>
			<key>isa</key>
			<string>PBXFileReference</string>
			<key>lastKnownFileType</key>
			<string>sourcecode.c.objc</string>
			<key>name</key>
			<string>LSHTTPRequestDiff.m</string>
			<key>path</key>
			<string>Diff/LSHTTPRequestDiff.m</string>
			<key>sourceTree</key>
			<string>&lt;group&gt;</string>
		</dict>
		<key>A0EE630715EC217A00009A08</key>
		<dict>
			<key>fileRef</key>
			<string>A0EE630515EC217A00009A08</string>
			<key>isa</key>
			<string>PBXBuildFile</string>
		</dict>
		<key>A0EE630815EC217A00009A08</key>
		<dict>
			<key>fileRef</key>
			<string>A0EE630615EC217A00009A08</string>
			<key>isa</key>
			<string>PBXBuildFile</string>
		</dict>
		<key>A0EE630915ECCCBD00009A08</key>
		<dict>
			<key>isa</key>
			<string>PBXFileReference</string>
			<key>lastKnownFileType</key>
			<string>sourcecode.c.h</string>
			<key>name</key>
			<string>LSHTTPRequest.h</string>
			<key>path</key>
			<string>Model/LSHTTPRequest.h</string>
			<key>sourceTree</key>
			<string>&lt;group&gt;</string>
		</dict>
		<key>A0EE630A15ECCD2F00009A08</key>
		<dict>
			<key>isa</key>
			<string>PBXFileReference</string>
			<key>lastKnownFileType</key>
			<string>sourcecode.c.h</string>
			<key>name</key>
			<string>LSHTTPResponse.h</string>
			<key>path</key>
			<string>Model/LSHTTPResponse.h</string>
			<key>sourceTree</key>
			<string>&lt;group&gt;</string>
		</dict>
		<key>A0EE631315ECD8B900009A08</key>
		<dict>
			<key>fileEncoding</key>
			<string>4</string>
			<key>isa</key>
			<string>PBXFileReference</string>
			<key>lastKnownFileType</key>
			<string>sourcecode.c.h</string>
			<key>name</key>
			<string>NSURLRequest+LSHTTPRequest.h</string>
			<key>path</key>
			<string>Hooks/NSURLRequest/NSURLRequest+LSHTTPRequest.h</string>
			<key>sourceTree</key>
			<string>&lt;group&gt;</string>
		</dict>
		<key>A0EE631415ECD8B900009A08</key>
		<dict>
			<key>fileEncoding</key>
			<string>4</string>
			<key>isa</key>
			<string>PBXFileReference</string>
			<key>lastKnownFileType</key>
			<string>sourcecode.c.objc</string>
			<key>name</key>
			<string>NSURLRequest+LSHTTPRequest.m</string>
			<key>path</key>
			<string>Hooks/NSURLRequest/NSURLRequest+LSHTTPRequest.m</string>
			<key>sourceTree</key>
			<string>&lt;group&gt;</string>
		</dict>
		<key>A0EE631515ECD8B900009A08</key>
		<dict>
			<key>fileRef</key>
			<string>A0EE631315ECD8B900009A08</string>
			<key>isa</key>
			<string>PBXBuildFile</string>
		</dict>
		<key>A0EE631715ECDAF300009A08</key>
		<dict>
			<key>fileEncoding</key>
			<string>4</string>
			<key>isa</key>
			<string>PBXFileReference</string>
			<key>lastKnownFileType</key>
			<string>sourcecode.c.objc</string>
			<key>name</key>
			<string>LSHTTPRequestDiffSpec.m</string>
			<key>path</key>
			<string>Diff/LSHTTPRequestDiffSpec.m</string>
			<key>sourceTree</key>
			<string>&lt;group&gt;</string>
		</dict>
		<key>AA0A44051758E27100D2F909</key>
		<dict>
			<key>fileEncoding</key>
			<string>4</string>
			<key>isa</key>
			<string>PBXFileReference</string>
			<key>lastKnownFileType</key>
			<string>sourcecode.c.objc</string>
			<key>name</key>
			<string>NSURLRequest+LSHTTPRequestSpec.m</string>
			<key>path</key>
			<string>Hooks/NSURLRequest/NSURLRequest+LSHTTPRequestSpec.m</string>
			<key>sourceTree</key>
			<string>&lt;group&gt;</string>
		</dict>
		<key>AA0A44061758E27100D2F909</key>
		<dict>
			<key>fileRef</key>
			<string>AA0A44051758E27100D2F909</string>
			<key>isa</key>
			<string>PBXBuildFile</string>
		</dict>
		<key>C1CB41255F6241919E9FA64B</key>
		<dict>
			<key>buildActionMask</key>
			<string>2147483647</string>
			<key>files</key>
			<array/>
			<key>inputPaths</key>
			<array/>
			<key>isa</key>
			<string>PBXShellScriptBuildPhase</string>
			<key>name</key>
			<string>Copy Pods Resources</string>
			<key>outputPaths</key>
			<array/>
			<key>runOnlyForDeploymentPostprocessing</key>
			<string>0</string>
			<key>shellPath</key>
			<string>/bin/sh</string>
			<key>shellScript</key>
			<string>"${SRCROOT}/Pods/Pods-NocillaTests-resources.sh"
</string>
			<key>showEnvVarsInLog</key>
			<string>0</string>
		</dict>
		<key>CADACB517CAB41DD8263C667</key>
		<dict>
			<key>explicitFileType</key>
			<string>archive.ar</string>
			<key>includeInIndex</key>
			<string>0</string>
			<key>isa</key>
			<string>PBXFileReference</string>
			<key>path</key>
			<string>libPods-NocillaTests.a</string>
			<key>sourceTree</key>
			<string>BUILT_PRODUCTS_DIR</string>
		</dict>
		<key>F7621264AB6B45CE84724138</key>
		<dict>
			<key>explicitFileType</key>
			<string>archive.ar</string>
			<key>includeInIndex</key>
			<string>0</string>
			<key>isa</key>
			<string>PBXFileReference</string>
			<key>path</key>
			<string>libPods.a</string>
			<key>sourceTree</key>
			<string>BUILT_PRODUCTS_DIR</string>
		</dict>
	</dict>
	<key>rootObject</key>
	<string>A085B82F15E30749007D33C1</string>
</dict>
</plist>
